
Microsoft Visual Studio Solution File, Format Version 12.00
# Visual Studio Version 17
VisualStudioVersion = 17.7.34221.43
MinimumVisualStudioVersion = 10.0.40219.1
Project("{151D2E53-A2C4-4D7D-83FE-D05416EBD58E}") = "myaz104tests", "myaz104tests\myaz104tests.deployproj", "{30461F62-1DD4-4CFC-B411-8DA720456E8D}"
EndProject
Global
	GlobalSection(SolutionConfigurationPlatforms) = preSolution
		Debug|Any CPU = Debug|Any CPU
		Release|Any CPU = Release|Any CPU
	EndGlobalSection
	GlobalSection(ProjectConfigurationPlatforms) = postSolution
		{30461F62-1DD4-4CFC-B411-8DA720456E8D}.Debug|Any CPU.ActiveCfg = Debug|Any CPU
		{30461F62-1DD4-4CFC-B411-8DA720456E8D}.Debug|Any CPU.Build.0 = Debug|Any CPU
		{30461F62-1DD4-4CFC-B411-8DA720456E8D}.Release|Any CPU.ActiveCfg = Release|Any CPU
		{30461F62-1DD4-4CFC-B411-8DA720456E8D}.Release|Any CPU.Build.0 = Release|Any CPU
	EndGlobalSection
	GlobalSection(SolutionProperties) = preSolution
		HideSolutionNode = FALSE
	EndGlobalSection
	GlobalSection(ExtensibilityGlobals) = postSolution
		SolutionGuid = {00708CF9-EA31-467D-B221-D7305A71781F}
	EndGlobalSection
EndGlobal
